// !$*UTF8*$!
{
	archiveVersion = 1;
	classes = {
	};
	objectVersion = 56;
	objects = {

/* Begin PBXBuildFile section */
		7546BD802A4936E90019A986 /* AppDelegate.swift in Sources */ = {isa = PBXBuildFile; fileRef = 7546BD7F2A4936E90019A986 /* AppDelegate.swift */; };
		7546BD822A4936E90019A986 /* SceneDelegate.swift in Sources */ = {isa = PBXBuildFile; fileRef = 7546BD812A4936E90019A986 /* SceneDelegate.swift */; };
		7546BD842A4936E90019A986 /* ViewController.swift in Sources */ = {isa = PBXBuildFile; fileRef = 7546BD832A4936E90019A986 /* ViewController.swift */; };
		7546BD872A4936E90019A986 /* Main.storyboard in Resources */ = {isa = PBXBuildFile; fileRef = 7546BD852A4936E90019A986 /* Main.storyboard */; };
		7546BD892A4936EA0019A986 /* Assets.xcassets in Resources */ = {isa = PBXBuildFile; fileRef = 7546BD882A4936EA0019A986 /* Assets.xcassets */; };
		7546BD8C2A4936EA0019A986 /* LaunchScreen.storyboard in Resources */ = {isa = PBXBuildFile; fileRef = 7546BD8A2A4936EA0019A986 /* LaunchScreen.storyboard */; };
		7546BD972A4936EA0019A986 /* GithubActionTests.swift in Sources */ = {isa = PBXBuildFile; fileRef = 7546BD962A4936EA0019A986 /* GithubActionTests.swift */; };
/* End PBXBuildFile section */

/* Begin PBXContainerItemProxy section */
		7546BD932A4936EA0019A986 /* PBXContainerItemProxy */ = {
			isa = PBXContainerItemProxy;
			containerPortal = 7546BD742A4936E90019A986 /* Project object */;
			proxyType = 1;
			remoteGlobalIDString = 7546BD7B2A4936E90019A986;
			remoteInfo = GithubAction;
		};
/* End PBXContainerItemProxy section */

/* Begin PBXFileReference section */
		7546BD7C2A4936E90019A986 /* GithubAction.app */ = {isa = PBXFileReference; explicitFileType = wrapper.application; includeInIndex = 0; path = GithubAction.app; sourceTree = BUILT_PRODUCTS_DIR; };
		7546BD7F2A4936E90019A986 /* AppDelegate.swift */ = {isa = PBXFileReference; lastKnownFileType = sourcecode.swift; path = AppDelegate.swift; sourceTree = "<group>"; };
		7546BD812A4936E90019A986 /* SceneDelegate.swift */ = {isa = PBXFileReference; lastKnownFileType = sourcecode.swift; path = SceneDelegate.swift; sourceTree = "<group>"; };
		7546BD832A4936E90019A986 /* ViewController.swift */ = {isa = PBXFileReference; lastKnownFileType = sourcecode.swift; path = ViewController.swift; sourceTree = "<group>"; };
		7546BD862A4936E90019A986 /* Base */ = {isa = PBXFileReference; lastKnownFileType = file.storyboard; name = Base; path = Base.lproj/Main.storyboard; sourceTree = "<group>"; };
		7546BD882A4936EA0019A986 /* Assets.xcassets */ = {isa = PBXFileReference; lastKnownFileType = folder.assetcatalog; path = Assets.xcassets; sourceTree = "<group>"; };
		7546BD8B2A4936EA0019A986 /* Base */ = {isa = PBXFileReference; lastKnownFileType = file.storyboard; name = Base; path = Base.lproj/LaunchScreen.storyboard; sourceTree = "<group>"; };
		7546BD8D2A4936EA0019A986 /* Info.plist */ = {isa = PBXFileReference; lastKnownFileType = text.plist.xml; path = Info.plist; sourceTree = "<group>"; };
		7546BD922A4936EA0019A986 /* GithubActionTests.xctest */ = {isa = PBXFileReference; explicitFileType = wrapper.cfbundle; includeInIndex = 0; path = GithubActionTests.xctest; sourceTree = BUILT_PRODUCTS_DIR; };
		7546BD962A4936EA0019A986 /* GithubActionTests.swift */ = {isa = PBXFileReference; lastKnownFileType = sourcecode.swift; path = GithubActionTests.swift; sourceTree = "<group>"; };
/* End PBXFileReference section */

/* Begin PBXFrameworksBuildPhase section */
		7546BD792A4936E90019A986 /* Frameworks */ = {
			isa = PBXFrameworksBuildPhase;
			buildActionMask = 2147483647;
			files = (
			);
			runOnlyForDeploymentPostprocessing = 0;
		};
		7546BD8F2A4936EA0019A986 /* Frameworks */ = {
			isa = PBXFrameworksBuildPhase;
			buildActionMask = 2147483647;
			files = (
			);
			runOnlyForDeploymentPostprocessing = 0;
		};
/* End PBXFrameworksBuildPhase section */

/* Begin PBXGroup section */
		7546BD732A4936E90019A986 = {
			isa = PBXGroup;
			children = (
				7546BD7E2A4936E90019A986 /* GithubAction */,
				7546BD952A4936EA0019A986 /* GithubActionTests */,
				7546BD7D2A4936E90019A986 /* Products */,
			);
			sourceTree = "<group>";
		};
		7546BD7D2A4936E90019A986 /* Products */ = {
			isa = PBXGroup;
			children = (
				7546BD7C2A4936E90019A986 /* GithubAction.app */,
				7546BD922A4936EA0019A986 /* GithubActionTests.xctest */,
			);
			name = Products;
			sourceTree = "<group>";
		};
		7546BD7E2A4936E90019A986 /* GithubAction */ = {
			isa = PBXGroup;
			children = (
				7546BD7F2A4936E90019A986 /* AppDelegate.swift */,
				7546BD812A4936E90019A986 /* SceneDelegate.swift */,
				7546BD832A4936E90019A986 /* ViewController.swift */,
				7546BD852A4936E90019A986 /* Main.storyboard */,
				7546BD882A4936EA0019A986 /* Assets.xcassets */,
				7546BD8A2A4936EA0019A986 /* LaunchScreen.storyboard */,
				7546BD8D2A4936EA0019A986 /* Info.plist */,
			);
			path = GithubAction;
			sourceTree = "<group>";
		};
		7546BD952A4936EA0019A986 /* GithubActionTests */ = {
			isa = PBXGroup;
			children = (
				7546BD962A4936EA0019A986 /* GithubActionTests.swift */,
			);
			path = GithubActionTests;
			sourceTree = "<group>";
		};
/* End PBXGroup section */

/* Begin PBXNativeTarget section */
		7546BD7B2A4936E90019A986 /* GithubAction */ = {
			isa = PBXNativeTarget;
			buildConfigurationList = 7546BDA62A4936EA0019A986 /* Build configuration list for PBXNativeTarget "GithubAction" */;
			buildPhases = (
				7546BD782A4936E90019A986 /* Sources */,
				7546BD792A4936E90019A986 /* Frameworks */,
				7546BD7A2A4936E90019A986 /* Resources */,
			);
			buildRules = (
			);
			dependencies = (
			);
			name = GithubAction;
			productName = GithubAction;
			productReference = 7546BD7C2A4936E90019A986 /* GithubAction.app */;
			productType = "com.apple.product-type.application";
		};
		7546BD912A4936EA0019A986 /* GithubActionTests */ = {
			isa = PBXNativeTarget;
			buildConfigurationList = 7546BDA92A4936EA0019A986 /* Build configuration list for PBXNativeTarget "GithubActionTests" */;
			buildPhases = (
				7546BD8E2A4936EA0019A986 /* Sources */,
				7546BD8F2A4936EA0019A986 /* Frameworks */,
				7546BD902A4936EA0019A986 /* Resources */,
			);
			buildRules = (
			);
			dependencies = (
				7546BD942A4936EA0019A986 /* PBXTargetDependency */,
			);
			name = GithubActionTests;
			productName = GithubActionTests;
			productReference = 7546BD922A4936EA0019A986 /* GithubActionTests.xctest */;
			productType = "com.apple.product-type.bundle.unit-test";
		};
/* End PBXNativeTarget section */

/* Begin PBXProject section */
		7546BD742A4936E90019A986 /* Project object */ = {
			isa = PBXProject;
			attributes = {
				BuildIndependentTargetsInParallel = 1;
				LastSwiftUpdateCheck = 1430;
				LastUpgradeCheck = 1430;
				TargetAttributes = {
					7546BD7B2A4936E90019A986 = {
						CreatedOnToolsVersion = 14.3;
					};
					7546BD912A4936EA0019A986 = {
						CreatedOnToolsVersion = 14.3;
						TestTargetID = 7546BD7B2A4936E90019A986;
					};
				};
			};
			buildConfigurationList = 7546BD772A4936E90019A986 /* Build configuration list for PBXProject "GithubAction" */;
			compatibilityVersion = "Xcode 14.0";
			developmentRegion = en;
			hasScannedForEncodings = 0;
			knownRegions = (
				en,
				Base,
			);
			mainGroup = 7546BD732A4936E90019A986;
			productRefGroup = 7546BD7D2A4936E90019A986 /* Products */;
			projectDirPath = "";
			projectRoot = "";
			targets = (
				7546BD7B2A4936E90019A986 /* GithubAction */,
				7546BD912A4936EA0019A986 /* GithubActionTests */,
			);
		};
/* End PBXProject section */

/* Begin PBXResourcesBuildPhase section */
		7546BD7A2A4936E90019A986 /* Resources */ = {
			isa = PBXResourcesBuildPhase;
			buildActionMask = 2147483647;
			files = (
				7546BD8C2A4936EA0019A986 /* LaunchScreen.storyboard in Resources */,
				7546BD892A4936EA0019A986 /* Assets.xcassets in Resources */,
				7546BD872A4936E90019A986 /* Main.storyboard in Resources */,
			);
			runOnlyForDeploymentPostprocessing = 0;
		};
		7546BD902A4936EA0019A986 /* Resources */ = {
			isa = PBXResourcesBuildPhase;
			buildActionMask = 2147483647;
			files = (
			);
			runOnlyForDeploymentPostprocessing = 0;
		};
/* End PBXResourcesBuildPhase section */

/* Begin PBXSourcesBuildPhase section */
		7546BD782A4936E90019A986 /* Sources */ = {
			isa = PBXSourcesBuildPhase;
			buildActionMask = 2147483647;
			files = (
				7546BD842A4936E90019A986 /* ViewController.swift in Sources */,
				7546BD802A4936E90019A986 /* AppDelegate.swift in Sources */,
				7546BD822A4936E90019A986 /* SceneDelegate.swift in Sources */,
			);
			runOnlyForDeploymentPostprocessing = 0;
		};
		7546BD8E2A4936EA0019A986 /* Sources */ = {
			isa = PBXSourcesBuildPhase;
			buildActionMask = 2147483647;
			files = (
				7546BD972A4936EA0019A986 /* GithubActionTests.swift in Sources */,
			);
			runOnlyForDeploymentPostprocessing = 0;
		};
/* End PBXSourcesBuildPhase section */

/* Begin PBXTargetDependency section */
		7546BD942A4936EA0019A986 /* PBXTargetDependency */ = {
			isa = PBXTargetDependency;
			target = 7546BD7B2A4936E90019A986 /* GithubAction */;
			targetProxy = 7546BD932A4936EA0019A986 /* PBXContainerItemProxy */;
		};
/* End PBXTargetDependency section */

/* Begin PBXVariantGroup section */
		7546BD852A4936E90019A986 /* Main.storyboard */ = {
			isa = PBXVariantGroup;
			children = (
				7546BD862A4936E90019A986 /* Base */,
			);
			name = Main.storyboard;
			sourceTree = "<group>";
		};
		7546BD8A2A4936EA0019A986 /* LaunchScreen.storyboard */ = {
			isa = PBXVariantGroup;
			children = (
				7546BD8B2A4936EA0019A986 /* Base */,
			);
			name = LaunchScreen.storyboard;
			sourceTree = "<group>";
		};
/* End PBXVariantGroup section */

/* Begin XCBuildConfiguration section */
		7546BDA42A4936EA0019A986 /* Debug */ = {
			isa = XCBuildConfiguration;
			buildSettings = {
				ALWAYS_SEARCH_USER_PATHS = NO;
				CLANG_ANALYZER_NONNULL = YES;
				CLANG_ANALYZER_NUMBER_OBJECT_CONVERSION = YES_AGGRESSIVE;
				CLANG_CXX_LANGUAGE_STANDARD = "gnu++20";
				CLANG_ENABLE_MODULES = YES;
				CLANG_ENABLE_OBJC_ARC = YES;
				CLANG_ENABLE_OBJC_WEAK = YES;
				CLANG_WARN_BLOCK_CAPTURE_AUTORELEASING = YES;
				CLANG_WARN_BOOL_CONVERSION = YES;
				CLANG_WARN_COMMA = YES;
				CLANG_WARN_CONSTANT_CONVERSION = YES;
				CLANG_WARN_DEPRECATED_OBJC_IMPLEMENTATIONS = YES;
				CLANG_WARN_DIRECT_OBJC_ISA_USAGE = YES_ERROR;
				CLANG_WARN_DOCUMENTATION_COMMENTS = YES;
				CLANG_WARN_EMPTY_BODY = YES;
				CLANG_WARN_ENUM_CONVERSION = YES;
				CLANG_WARN_INFINITE_RECURSION = YES;
				CLANG_WARN_INT_CONVERSION = YES;
				CLANG_WARN_NON_LITERAL_NULL_CONVERSION = YES;
				CLANG_WARN_OBJC_IMPLICIT_RETAIN_SELF = YES;
				CLANG_WARN_OBJC_LITERAL_CONVERSION = YES;
				CLANG_WARN_OBJC_ROOT_CLASS = YES_ERROR;
				CLANG_WARN_QUOTED_INCLUDE_IN_FRAMEWORK_HEADER = YES;
				CLANG_WARN_RANGE_LOOP_ANALYSIS = YES;
				CLANG_WARN_STRICT_PROTOTYPES = YES;
				CLANG_WARN_SUSPICIOUS_MOVE = YES;
				CLANG_WARN_UNGUARDED_AVAILABILITY = YES_AGGRESSIVE;
				CLANG_WARN_UNREACHABLE_CODE = YES;
				CLANG_WARN__DUPLICATE_METHOD_MATCH = YES;
				COPY_PHASE_STRIP = NO;
				DEBUG_INFORMATION_FORMAT = dwarf;
				ENABLE_STRICT_OBJC_MSGSEND = YES;
				ENABLE_TESTABILITY = YES;
				GCC_C_LANGUAGE_STANDARD = gnu11;
				GCC_DYNAMIC_NO_PIC = NO;
				GCC_NO_COMMON_BLOCKS = YES;
				GCC_OPTIMIZATION_LEVEL = 0;
				GCC_PREPROCESSOR_DEFINITIONS = (
					"DEBUG=1",
					"$(inherited)",
				);
				GCC_WARN_64_TO_32_BIT_CONVERSION = YES;
				GCC_WARN_ABOUT_RETURN_TYPE = YES_ERROR;
				GCC_WARN_UNDECLARED_SELECTOR = YES;
				GCC_WARN_UNINITIALIZED_AUTOS = YES_AGGRESSIVE;
				GCC_WARN_UNUSED_FUNCTION = YES;
				GCC_WARN_UNUSED_VARIABLE = YES;
				IPHONEOS_DEPLOYMENT_TARGET = 16.4;
				MTL_ENABLE_DEBUG_INFO = INCLUDE_SOURCE;
				MTL_FAST_MATH = YES;
				ONLY_ACTIVE_ARCH = YES;
				SDKROOT = iphoneos;
				SWIFT_ACTIVE_COMPILATION_CONDITIONS = DEBUG;
				SWIFT_OPTIMIZATION_LEVEL = "-Onone";
			};
			name = Debug;
		};
		7546BDA52A4936EA0019A986 /* Release */ = {
			isa = XCBuildConfiguration;
			buildSettings = {
				ALWAYS_SEARCH_USER_PATHS = NO;
				CLANG_ANALYZER_NONNULL = YES;
				CLANG_ANALYZER_NUMBER_OBJECT_CONVERSION = YES_AGGRESSIVE;
				CLANG_CXX_LANGUAGE_STANDARD = "gnu++20";
				CLANG_ENABLE_MODULES = YES;
				CLANG_ENABLE_OBJC_ARC = YES;
				CLANG_ENABLE_OBJC_WEAK = YES;
				CLANG_WARN_BLOCK_CAPTURE_AUTORELEASING = YES;
				CLANG_WARN_BOOL_CONVERSION = YES;
				CLANG_WARN_COMMA = YES;
				CLANG_WARN_CONSTANT_CONVERSION = YES;
				CLANG_WARN_DEPRECATED_OBJC_IMPLEMENTATIONS = YES;
				CLANG_WARN_DIRECT_OBJC_ISA_USAGE = YES_ERROR;
				CLANG_WARN_DOCUMENTATION_COMMENTS = YES;
				CLANG_WARN_EMPTY_BODY = YES;
				CLANG_WARN_ENUM_CONVERSION = YES;
				CLANG_WARN_INFINITE_RECURSION = YES;
				CLANG_WARN_INT_CONVERSION = YES;
				CLANG_WARN_NON_LITERAL_NULL_CONVERSION = YES;
				CLANG_WARN_OBJC_IMPLICIT_RETAIN_SELF = YES;
				CLANG_WARN_OBJC_LITERAL_CONVERSION = YES;
				CLANG_WARN_OBJC_ROOT_CLASS = YES_ERROR;
				CLANG_WARN_QUOTED_INCLUDE_IN_FRAMEWORK_HEADER = YES;
				CLANG_WARN_RANGE_LOOP_ANALYSIS = YES;
				CLANG_WARN_STRICT_PROTOTYPES = YES;
				CLANG_WARN_SUSPICIOUS_MOVE = YES;
				CLANG_WARN_UNGUARDED_AVAILABILITY = YES_AGGRESSIVE;
				CLANG_WARN_UNREACHABLE_CODE = YES;
				CLANG_WARN__DUPLICATE_METHOD_MATCH = YES;
				COPY_PHASE_STRIP = NO;
				DEBUG_INFORMATION_FORMAT = "dwarf-with-dsym";
				ENABLE_NS_ASSERTIONS = NO;
				ENABLE_STRICT_OBJC_MSGSEND = YES;
				GCC_C_LANGUAGE_STANDARD = gnu11;
				GCC_NO_COMMON_BLOCKS = YES;
				GCC_WARN_64_TO_32_BIT_CONVERSION = YES;
				GCC_WARN_ABOUT_RETURN_TYPE = YES_ERROR;
				GCC_WARN_UNDECLARED_SELECTOR = YES;
				GCC_WARN_UNINITIALIZED_AUTOS = YES_AGGRESSIVE;
				GCC_WARN_UNUSED_FUNCTION = YES;
				GCC_WARN_UNUSED_VARIABLE = YES;
				IPHONEOS_DEPLOYMENT_TARGET = 16.4;
				MTL_ENABLE_DEBUG_INFO = NO;
				MTL_FAST_MATH = YES;
				SDKROOT = iphoneos;
				SWIFT_COMPILATION_MODE = wholemodule;
				SWIFT_OPTIMIZATION_LEVEL = "-O";
				VALIDATE_PRODUCT = YES;
			};
			name = Release;
		};
		7546BDA72A4936EA0019A986 /* Debug */ = {
			isa = XCBuildConfiguration;
			buildSettings = {
				ASSETCATALOG_COMPILER_APPICON_NAME = AppIcon;
				ASSETCATALOG_COMPILER_GLOBAL_ACCENT_COLOR_NAME = AccentColor;
				CODE_SIGN_STYLE = Automatic;
				CURRENT_PROJECT_VERSION = 1;
				DEVELOPMENT_TEAM = V823Y836DV;
				GENERATE_INFOPLIST_FILE = YES;
				INFOPLIST_FILE = GithubAction/Info.plist;
				INFOPLIST_KEY_UIApplicationSupportsIndirectInputEvents = YES;
				INFOPLIST_KEY_UILaunchStoryboardName = LaunchScreen;
				INFOPLIST_KEY_UIMainStoryboardFile = Main;
				INFOPLIST_KEY_UISupportedInterfaceOrientations_iPad = "UIInterfaceOrientationPortrait UIInterfaceOrientationPortraitUpsideDown UIInterfaceOrientationLandscapeLeft UIInterfaceOrientationLandscapeRight";
				INFOPLIST_KEY_UISupportedInterfaceOrientations_iPhone = "UIInterfaceOrientationPortrait UIInterfaceOrientationLandscapeLeft UIInterfaceOrientationLandscapeRight";
				LD_RUNPATH_SEARCH_PATHS = (
					"$(inherited)",
					"@executable_path/Frameworks",
				);
				MARKETING_VERSION = 1.0;
				PRODUCT_BUNDLE_IDENTIFIER = com.seunggi.GithubAction;
				PRODUCT_NAME = "$(TARGET_NAME)";
				SWIFT_EMIT_LOC_STRINGS = YES;
				SWIFT_VERSION = 5.0;
				TARGETED_DEVICE_FAMILY = "1,2";
			};
			name = Debug;
		};
		7546BDA82A4936EA0019A986 /* Release */ = {
			isa = XCBuildConfiguration;
			buildSettings = {
				ASSETCATALOG_COMPILER_APPICON_NAME = AppIcon;
				ASSETCATALOG_COMPILER_GLOBAL_ACCENT_COLOR_NAME = AccentColor;
				CODE_SIGN_STYLE = Automatic;
				CURRENT_PROJECT_VERSION = 1;
				DEVELOPMENT_TEAM = V823Y836DV;
				GENERATE_INFOPLIST_FILE = YES;
				INFOPLIST_FILE = GithubAction/Info.plist;
				INFOPLIST_KEY_UIApplicationSupportsIndirectInputEvents = YES;
				INFOPLIST_KEY_UILaunchStoryboardName = LaunchScreen;
				INFOPLIST_KEY_UIMainStoryboardFile = Main;
				INFOPLIST_KEY_UISupportedInterfaceOrientations_iPad = "UIInterfaceOrientationPortrait UIInterfaceOrientationPortraitUpsideDown UIInterfaceOrientationLandscapeLeft UIInterfaceOrientationLandscapeRight";
				INFOPLIST_KEY_UISupportedInterfaceOrientations_iPhone = "UIInterfaceOrientationPortrait UIInterfaceOrientationLandscapeLeft UIInterfaceOrientationLandscapeRight";
				LD_RUNPATH_SEARCH_PATHS = (
					"$(inherited)",
					"@executable_path/Frameworks",
				);
				MARKETING_VERSION = 1.0;
				PRODUCT_BUNDLE_IDENTIFIER = com.seunggi.GithubAction;
				PRODUCT_NAME = "$(TARGET_NAME)";
				SWIFT_EMIT_LOC_STRINGS = YES;
				SWIFT_VERSION = 5.0;
				TARGETED_DEVICE_FAMILY = "1,2";
			};
			name = Release;
		};
		7546BDAA2A4936EA0019A986 /* Debug */ = {
			isa = XCBuildConfiguration;
			buildSettings = {
				ALWAYS_EMBED_SWIFT_STANDARD_LIBRARIES = YES;
				BUNDLE_LOADER = "$(TEST_HOST)";
				CODE_SIGN_STYLE = Automatic;
				CURRENT_PROJECT_VERSION = 1;
				DEVELOPMENT_TEAM = V823Y836DV;
				GENERATE_INFOPLIST_FILE = YES;
				IPHONEOS_DEPLOYMENT_TARGET = 16.2;
				MARKETING_VERSION = 1.0;
				PRODUCT_BUNDLE_IDENTIFIER = com.seunggi.GithubActionTests;
				PRODUCT_NAME = "$(TARGET_NAME)";
				SWIFT_EMIT_LOC_STRINGS = NO;
				SWIFT_VERSION = 5.0;
				TARGETED_DEVICE_FAMILY = "1,2";
				TEST_HOST = "$(BUILT_PRODUCTS_DIR)/GithubAction.app/$(BUNDLE_EXECUTABLE_FOLDER_PATH)/GithubAction";
			};
			name = Debug;
		};
		7546BDAB2A4936EA0019A986 /* Release */ = {
			isa = XCBuildConfiguration;
			buildSettings = {
				ALWAYS_EMBED_SWIFT_STANDARD_LIBRARIES = YES;
				BUNDLE_LOADER = "$(TEST_HOST)";
				CODE_SIGN_STYLE = Automatic;
				CURRENT_PROJECT_VERSION = 1;
				DEVELOPMENT_TEAM = V823Y836DV;
				GENERATE_INFOPLIST_FILE = YES;
				IPHONEOS_DEPLOYMENT_TARGET = 16.2;
				MARKETING_VERSION = 1.0;
				PRODUCT_BUNDLE_IDENTIFIER = com.seunggi.GithubActionTests;
				PRODUCT_NAME = "$(TARGET_NAME)";
				SWIFT_EMIT_LOC_STRINGS = NO;
				SWIFT_VERSION = 5.0;
				TARGETED_DEVICE_FAMILY = "1,2";
				TEST_HOST = "$(BUILT_PRODUCTS_DIR)/GithubAction.app/$(BUNDLE_EXECUTABLE_FOLDER_PATH)/GithubAction";
			};
			name = Release;
		};
/* End XCBuildConfiguration section */

/* Begin XCConfigurationList section */
		7546BD772A4936E90019A986 /* Build configuration list for PBXProject "GithubAction" */ = {
			isa = XCConfigurationList;
			buildConfigurations = (
				7546BDA42A4936EA0019A986 /* Debug */,
				7546BDA52A4936EA0019A986 /* Release */,
			);
			defaultConfigurationIsVisible = 0;
			defaultConfigurationName = Release;
		};
		7546BDA62A4936EA0019A986 /* Build configuration list for PBXNativeTarget "GithubAction" */ = {
			isa = XCConfigurationList;
			buildConfigurations = (
				7546BDA72A4936EA0019A986 /* Debug */,
				7546BDA82A4936EA0019A986 /* Release */,
			);
			defaultConfigurationIsVisible = 0;
			defaultConfigurationName = Release;
		};
		7546BDA92A4936EA0019A986 /* Build configuration list for PBXNativeTarget "GithubActionTests" */ = {
			isa = XCConfigurationList;
			buildConfigurations = (
				7546BDAA2A4936EA0019A986 /* Debug */,
				7546BDAB2A4936EA0019A986 /* Release */,
			);
			defaultConfigurationIsVisible = 0;
			defaultConfigurationName = Release;
		};
/* End XCConfigurationList section */
	};
	rootObject = 7546BD742A4936E90019A986 /* Project object */;
}
